// !$*UTF8*$!
{
	archiveVersion = 1;
	classes = {
	};
	objectVersion = 56;
	objects = {

/* Begin PBXBuildFile section */
		CB3F4AE72A3616F400F7C04C /* robotsApp.swift in Sources */ = {isa = PBXBuildFile; fileRef = CB3F4AE62A3616F400F7C04C /* robotsApp.swift */; };
		CB3F4AE92A3616F400F7C04C /* ContentView.swift in Sources */ = {isa = PBXBuildFile; fileRef = CB3F4AE82A3616F400F7C04C /* ContentView.swift */; };
		CB3F4AEB2A3616F500F7C04C /* Assets.xcassets in Resources */ = {isa = PBXBuildFile; fileRef = CB3F4AEA2A3616F500F7C04C /* Assets.xcassets */; };
		CB3F4AEF2A3616F500F7C04C /* Preview Assets.xcassets in Resources */ = {isa = PBXBuildFile; fileRef = CB3F4AEE2A3616F500F7C04C /* Preview Assets.xcassets */; };
		CB3F4AF92A3616F500F7C04C /* robotsTests.swift in Sources */ = {isa = PBXBuildFile; fileRef = CB3F4AF82A3616F500F7C04C /* robotsTests.swift */; };
		CB3F4B032A3616F500F7C04C /* robotsUITests.swift in Sources */ = {isa = PBXBuildFile; fileRef = CB3F4B022A3616F500F7C04C /* robotsUITests.swift */; };
		CB3F4B052A3616F500F7C04C /* robotsUITestsLaunchTests.swift in Sources */ = {isa = PBXBuildFile; fileRef = CB3F4B042A3616F500F7C04C /* robotsUITestsLaunchTests.swift */; };
/* End PBXBuildFile section */

/* Begin PBXContainerItemProxy section */
		CB3F4AF52A3616F500F7C04C /* PBXContainerItemProxy */ = {
			isa = PBXContainerItemProxy;
			containerPortal = CB3F4ADB2A3616F400F7C04C /* Project object */;
			proxyType = 1;
			remoteGlobalIDString = CB3F4AE22A3616F400F7C04C;
			remoteInfo = robots;
		};
		CB3F4AFF2A3616F500F7C04C /* PBXContainerItemProxy */ = {
			isa = PBXContainerItemProxy;
			containerPortal = CB3F4ADB2A3616F400F7C04C /* Project object */;
			proxyType = 1;
			remoteGlobalIDString = CB3F4AE22A3616F400F7C04C;
			remoteInfo = robots;
		};
/* End PBXContainerItemProxy section */

/* Begin PBXFileReference section */
		CB3F4AE32A3616F400F7C04C /* robots.app */ = {isa = PBXFileReference; explicitFileType = wrapper.application; includeInIndex = 0; path = robots.app; sourceTree = BUILT_PRODUCTS_DIR; };
		CB3F4AE62A3616F400F7C04C /* robotsApp.swift */ = {isa = PBXFileReference; lastKnownFileType = sourcecode.swift; path = robotsApp.swift; sourceTree = "<group>"; };
		CB3F4AE82A3616F400F7C04C /* ContentView.swift */ = {isa = PBXFileReference; lastKnownFileType = sourcecode.swift; path = ContentView.swift; sourceTree = "<group>"; };
		CB3F4AEA2A3616F500F7C04C /* Assets.xcassets */ = {isa = PBXFileReference; lastKnownFileType = folder.assetcatalog; path = Assets.xcassets; sourceTree = "<group>"; };
		CB3F4AEC2A3616F500F7C04C /* robots.entitlements */ = {isa = PBXFileReference; lastKnownFileType = text.plist.entitlements; path = robots.entitlements; sourceTree = "<group>"; };
		CB3F4AEE2A3616F500F7C04C /* Preview Assets.xcassets */ = {isa = PBXFileReference; lastKnownFileType = folder.assetcatalog; path = "Preview Assets.xcassets"; sourceTree = "<group>"; };
		CB3F4AF42A3616F500F7C04C /* robotsTests.xctest */ = {isa = PBXFileReference; explicitFileType = wrapper.cfbundle; includeInIndex = 0; path = robotsTests.xctest; sourceTree = BUILT_PRODUCTS_DIR; };
		CB3F4AF82A3616F500F7C04C /* robotsTests.swift */ = {isa = PBXFileReference; lastKnownFileType = sourcecode.swift; path = robotsTests.swift; sourceTree = "<group>"; };
		CB3F4AFE2A3616F500F7C04C /* robotsUITests.xctest */ = {isa = PBXFileReference; explicitFileType = wrapper.cfbundle; includeInIndex = 0; path = robotsUITests.xctest; sourceTree = BUILT_PRODUCTS_DIR; };
		CB3F4B022A3616F500F7C04C /* robotsUITests.swift */ = {isa = PBXFileReference; lastKnownFileType = sourcecode.swift; path = robotsUITests.swift; sourceTree = "<group>"; };
		CB3F4B042A3616F500F7C04C /* robotsUITestsLaunchTests.swift */ = {isa = PBXFileReference; lastKnownFileType = sourcecode.swift; path = robotsUITestsLaunchTests.swift; sourceTree = "<group>"; };
/* End PBXFileReference section */

/* Begin PBXFrameworksBuildPhase section */
		CB3F4AE02A3616F400F7C04C /* Frameworks */ = {
			isa = PBXFrameworksBuildPhase;
			buildActionMask = 2147483647;
			files = (
			);
			runOnlyForDeploymentPostprocessing = 0;
		};
		CB3F4AF12A3616F500F7C04C /* Frameworks */ = {
			isa = PBXFrameworksBuildPhase;
			buildActionMask = 2147483647;
			files = (
			);
			runOnlyForDeploymentPostprocessing = 0;
		};
		CB3F4AFB2A3616F500F7C04C /* Frameworks */ = {
			isa = PBXFrameworksBuildPhase;
			buildActionMask = 2147483647;
			files = (
			);
			runOnlyForDeploymentPostprocessing = 0;
		};
/* End PBXFrameworksBuildPhase section */

/* Begin PBXGroup section */
		CB3F4ADA2A3616F400F7C04C = {
			isa = PBXGroup;
			children = (
				CB3F4AE52A3616F400F7C04C /* robots */,
				CB3F4AF72A3616F500F7C04C /* robotsTests */,
				CB3F4B012A3616F500F7C04C /* robotsUITests */,
				CB3F4AE42A3616F400F7C04C /* Products */,
			);
			sourceTree = "<group>";
		};
		CB3F4AE42A3616F400F7C04C /* Products */ = {
			isa = PBXGroup;
			children = (
				CB3F4AE32A3616F400F7C04C /* robots.app */,
				CB3F4AF42A3616F500F7C04C /* robotsTests.xctest */,
				CB3F4AFE2A3616F500F7C04C /* robotsUITests.xctest */,
			);
			name = Products;
			sourceTree = "<group>";
		};
		CB3F4AE52A3616F400F7C04C /* robots */ = {
			isa = PBXGroup;
			children = (
				CB3F4AE62A3616F400F7C04C /* robotsApp.swift */,
				CB3F4AE82A3616F400F7C04C /* ContentView.swift */,
				CB3F4AEA2A3616F500F7C04C /* Assets.xcassets */,
				CB3F4AEC2A3616F500F7C04C /* robots.entitlements */,
				CB3F4AED2A3616F500F7C04C /* Preview Content */,
			);
			path = robots;
			sourceTree = "<group>";
		};
		CB3F4AED2A3616F500F7C04C /* Preview Content */ = {
			isa = PBXGroup;
			children = (
				CB3F4AEE2A3616F500F7C04C /* Preview Assets.xcassets */,
			);
			path = "Preview Content";
			sourceTree = "<group>";
		};
		CB3F4AF72A3616F500F7C04C /* robotsTests */ = {
			isa = PBXGroup;
			children = (
				CB3F4AF82A3616F500F7C04C /* robotsTests.swift */,
			);
			path = robotsTests;
			sourceTree = "<group>";
		};
		CB3F4B012A3616F500F7C04C /* robotsUITests */ = {
			isa = PBXGroup;
			children = (
				CB3F4B022A3616F500F7C04C /* robotsUITests.swift */,
				CB3F4B042A3616F500F7C04C /* robotsUITestsLaunchTests.swift */,
			);
			path = robotsUITests;
			sourceTree = "<group>";
		};
/* End PBXGroup section */

/* Begin PBXNativeTarget section */
		CB3F4AE22A3616F400F7C04C /* robots */ = {
			isa = PBXNativeTarget;
			buildConfigurationList = CB3F4B082A3616F500F7C04C /* Build configuration list for PBXNativeTarget "robots" */;
			buildPhases = (
				CB3F4ADF2A3616F400F7C04C /* Sources */,
				CB3F4AE02A3616F400F7C04C /* Frameworks */,
				CB3F4AE12A3616F400F7C04C /* Resources */,
			);
			buildRules = (
			);
			dependencies = (
			);
			name = robots;
			productName = robots;
			productReference = CB3F4AE32A3616F400F7C04C /* robots.app */;
			productType = "com.apple.product-type.application";
		};
		CB3F4AF32A3616F500F7C04C /* robotsTests */ = {
			isa = PBXNativeTarget;
			buildConfigurationList = CB3F4B0B2A3616F500F7C04C /* Build configuration list for PBXNativeTarget "robotsTests" */;
			buildPhases = (
				CB3F4AF02A3616F500F7C04C /* Sources */,
				CB3F4AF12A3616F500F7C04C /* Frameworks */,
				CB3F4AF22A3616F500F7C04C /* Resources */,
			);
			buildRules = (
			);
			dependencies = (
				CB3F4AF62A3616F500F7C04C /* PBXTargetDependency */,
			);
			name = robotsTests;
			productName = robotsTests;
			productReference = CB3F4AF42A3616F500F7C04C /* robotsTests.xctest */;
			productType = "com.apple.product-type.bundle.unit-test";
		};
		CB3F4AFD2A3616F500F7C04C /* robotsUITests */ = {
			isa = PBXNativeTarget;
			buildConfigurationList = CB3F4B0E2A3616F500F7C04C /* Build configuration list for PBXNativeTarget "robotsUITests" */;
			buildPhases = (
				CB3F4AFA2A3616F500F7C04C /* Sources */,
				CB3F4AFB2A3616F500F7C04C /* Frameworks */,
				CB3F4AFC2A3616F500F7C04C /* Resources */,
			);
			buildRules = (
			);
			dependencies = (
				CB3F4B002A3616F500F7C04C /* PBXTargetDependency */,
			);
			name = robotsUITests;
			productName = robotsUITests;
			productReference = CB3F4AFE2A3616F500F7C04C /* robotsUITests.xctest */;
			productType = "com.apple.product-type.bundle.ui-testing";
		};
/* End PBXNativeTarget section */

/* Begin PBXProject section */
		CB3F4ADB2A3616F400F7C04C /* Project object */ = {
			isa = PBXProject;
			attributes = {
				BuildIndependentTargetsInParallel = 1;
				LastSwiftUpdateCheck = 1500;
				LastUpgradeCheck = 1500;
				TargetAttributes = {
					CB3F4AE22A3616F400F7C04C = {
						CreatedOnToolsVersion = 15.0;
					};
					CB3F4AF32A3616F500F7C04C = {
						CreatedOnToolsVersion = 15.0;
						TestTargetID = CB3F4AE22A3616F400F7C04C;
					};
					CB3F4AFD2A3616F500F7C04C = {
						CreatedOnToolsVersion = 15.0;
						TestTargetID = CB3F4AE22A3616F400F7C04C;
					};
				};
			};
			buildConfigurationList = CB3F4ADE2A3616F400F7C04C /* Build configuration list for PBXProject "robots" */;
			compatibilityVersion = "Xcode 14.0";
			developmentRegion = en;
			hasScannedForEncodings = 0;
			knownRegions = (
				en,
				Base,
			);
			mainGroup = CB3F4ADA2A3616F400F7C04C;
			productRefGroup = CB3F4AE42A3616F400F7C04C /* Products */;
			projectDirPath = "";
			projectRoot = "";
			targets = (
				CB3F4AE22A3616F400F7C04C /* robots */,
				CB3F4AF32A3616F500F7C04C /* robotsTests */,
				CB3F4AFD2A3616F500F7C04C /* robotsUITests */,
			);
		};
/* End PBXProject section */

/* Begin PBXResourcesBuildPhase section */
		CB3F4AE12A3616F400F7C04C /* Resources */ = {
			isa = PBXResourcesBuildPhase;
			buildActionMask = 2147483647;
			files = (
				CB3F4AEF2A3616F500F7C04C /* Preview Assets.xcassets in Resources */,
				CB3F4AEB2A3616F500F7C04C /* Assets.xcassets in Resources */,
			);
			runOnlyForDeploymentPostprocessing = 0;
		};
		CB3F4AF22A3616F500F7C04C /* Resources */ = {
			isa = PBXResourcesBuildPhase;
			buildActionMask = 2147483647;
			files = (
			);
			runOnlyForDeploymentPostprocessing = 0;
		};
		CB3F4AFC2A3616F500F7C04C /* Resources */ = {
			isa = PBXResourcesBuildPhase;
			buildActionMask = 2147483647;
			files = (
			);
			runOnlyForDeploymentPostprocessing = 0;
		};
/* End PBXResourcesBuildPhase section */

/* Begin PBXSourcesBuildPhase section */
		CB3F4ADF2A3616F400F7C04C /* Sources */ = {
			isa = PBXSourcesBuildPhase;
			buildActionMask = 2147483647;
			files = (
				CB3F4AE92A3616F400F7C04C /* ContentView.swift in Sources */,
				CB3F4AE72A3616F400F7C04C /* robotsApp.swift in Sources */,
			);
			runOnlyForDeploymentPostprocessing = 0;
		};
		CB3F4AF02A3616F500F7C04C /* Sources */ = {
			isa = PBXSourcesBuildPhase;
			buildActionMask = 2147483647;
			files = (
				CB3F4AF92A3616F500F7C04C /* robotsTests.swift in Sources */,
			);
			runOnlyForDeploymentPostprocessing = 0;
		};
		CB3F4AFA2A3616F500F7C04C /* Sources */ = {
			isa = PBXSourcesBuildPhase;
			buildActionMask = 2147483647;
			files = (
				CB3F4B032A3616F500F7C04C /* robotsUITests.swift in Sources */,
				CB3F4B052A3616F500F7C04C /* robotsUITestsLaunchTests.swift in Sources */,
			);
			runOnlyForDeploymentPostprocessing = 0;
		};
/* End PBXSourcesBuildPhase section */

/* Begin PBXTargetDependency section */
		CB3F4AF62A3616F500F7C04C /* PBXTargetDependency */ = {
			isa = PBXTargetDependency;
			target = CB3F4AE22A3616F400F7C04C /* robots */;
			targetProxy = CB3F4AF52A3616F500F7C04C /* PBXContainerItemProxy */;
		};
		CB3F4B002A3616F500F7C04C /* PBXTargetDependency */ = {
			isa = PBXTargetDependency;
			target = CB3F4AE22A3616F400F7C04C /* robots */;
			targetProxy = CB3F4AFF2A3616F500F7C04C /* PBXContainerItemProxy */;
		};
/* End PBXTargetDependency section */

/* Begin XCBuildConfiguration section */
		CB3F4B062A3616F500F7C04C /* Debug */ = {
			isa = XCBuildConfiguration;
			buildSettings = {
				ALWAYS_SEARCH_USER_PATHS = NO;
				ASSETCATALOG_COMPILER_GENERATE_SWIFT_ASSET_SYMBOL_EXTENSIONS = YES;
				CLANG_ANALYZER_NONNULL = YES;
				CLANG_ANALYZER_NUMBER_OBJECT_CONVERSION = YES_AGGRESSIVE;
				CLANG_CXX_LANGUAGE_STANDARD = "gnu++20";
				CLANG_ENABLE_MODULES = YES;
				CLANG_ENABLE_OBJC_ARC = YES;
				CLANG_ENABLE_OBJC_WEAK = YES;
				CLANG_WARN_BLOCK_CAPTURE_AUTORELEASING = YES;
				CLANG_WARN_BOOL_CONVERSION = YES;
				CLANG_WARN_COMMA = YES;
				CLANG_WARN_CONSTANT_CONVERSION = YES;
				CLANG_WARN_DEPRECATED_OBJC_IMPLEMENTATIONS = YES;
				CLANG_WARN_DIRECT_OBJC_ISA_USAGE = YES_ERROR;
				CLANG_WARN_DOCUMENTATION_COMMENTS = YES;
				CLANG_WARN_EMPTY_BODY = YES;
				CLANG_WARN_ENUM_CONVERSION = YES;
				CLANG_WARN_INFINITE_RECURSION = YES;
				CLANG_WARN_INT_CONVERSION = YES;
				CLANG_WARN_NON_LITERAL_NULL_CONVERSION = YES;
				CLANG_WARN_OBJC_IMPLICIT_RETAIN_SELF = YES;
				CLANG_WARN_OBJC_LITERAL_CONVERSION = YES;
				CLANG_WARN_OBJC_ROOT_CLASS = YES_ERROR;
				CLANG_WARN_QUOTED_INCLUDE_IN_FRAMEWORK_HEADER = YES;
				CLANG_WARN_RANGE_LOOP_ANALYSIS = YES;
				CLANG_WARN_STRICT_PROTOTYPES = YES;
				CLANG_WARN_SUSPICIOUS_MOVE = YES;
				CLANG_WARN_UNGUARDED_AVAILABILITY = YES_AGGRESSIVE;
				CLANG_WARN_UNREACHABLE_CODE = YES;
				CLANG_WARN__DUPLICATE_METHOD_MATCH = YES;
				COPY_PHASE_STRIP = NO;
				DEBUG_INFORMATION_FORMAT = dwarf;
				ENABLE_STRICT_OBJC_MSGSEND = YES;
				ENABLE_TESTABILITY = YES;
				ENABLE_USER_SCRIPT_SANDBOXING = YES;
				GCC_C_LANGUAGE_STANDARD = gnu17;
				GCC_DYNAMIC_NO_PIC = NO;
				GCC_NO_COMMON_BLOCKS = YES;
				GCC_OPTIMIZATION_LEVEL = 0;
				GCC_PREPROCESSOR_DEFINITIONS = (
					"DEBUG=1",
					"$(inherited)",
				);
				GCC_WARN_64_TO_32_BIT_CONVERSION = YES;
				GCC_WARN_ABOUT_RETURN_TYPE = YES_ERROR;
				GCC_WARN_UNDECLARED_SELECTOR = YES;
				GCC_WARN_UNINITIALIZED_AUTOS = YES_AGGRESSIVE;
				GCC_WARN_UNUSED_FUNCTION = YES;
				GCC_WARN_UNUSED_VARIABLE = YES;
				LOCALIZATION_PREFERS_STRING_CATALOGS = YES;
				MTL_ENABLE_DEBUG_INFO = INCLUDE_SOURCE;
				MTL_FAST_MATH = YES;
				ONLY_ACTIVE_ARCH = YES;
				SWIFT_ACTIVE_COMPILATION_CONDITIONS = "DEBUG $(inherited)";
				SWIFT_OPTIMIZATION_LEVEL = "-Onone";
			};
			name = Debug;
		};
		CB3F4B072A3616F500F7C04C /* Release */ = {
			isa = XCBuildConfiguration;
			buildSettings = {
				ALWAYS_SEARCH_USER_PATHS = NO;
				ASSETCATALOG_COMPILER_GENERATE_SWIFT_ASSET_SYMBOL_EXTENSIONS = YES;
				CLANG_ANALYZER_NONNULL = YES;
				CLANG_ANALYZER_NUMBER_OBJECT_CONVERSION = YES_AGGRESSIVE;
				CLANG_CXX_LANGUAGE_STANDARD = "gnu++20";
				CLANG_ENABLE_MODULES = YES;
				CLANG_ENABLE_OBJC_ARC = YES;
				CLANG_ENABLE_OBJC_WEAK = YES;
				CLANG_WARN_BLOCK_CAPTURE_AUTORELEASING = YES;
				CLANG_WARN_BOOL_CONVERSION = YES;
				CLANG_WARN_COMMA = YES;
				CLANG_WARN_CONSTANT_CONVERSION = YES;
				CLANG_WARN_DEPRECATED_OBJC_IMPLEMENTATIONS = YES;
				CLANG_WARN_DIRECT_OBJC_ISA_USAGE = YES_ERROR;
				CLANG_WARN_DOCUMENTATION_COMMENTS = YES;
				CLANG_WARN_EMPTY_BODY = YES;
				CLANG_WARN_ENUM_CONVERSION = YES;
				CLANG_WARN_INFINITE_RECURSION = YES;
				CLANG_WARN_INT_CONVERSION = YES;
				CLANG_WARN_NON_LITERAL_NULL_CONVERSION = YES;
				CLANG_WARN_OBJC_IMPLICIT_RETAIN_SELF = YES;
				CLANG_WARN_OBJC_LITERAL_CONVERSION = YES;
				CLANG_WARN_OBJC_ROOT_CLASS = YES_ERROR;
				CLANG_WARN_QUOTED_INCLUDE_IN_FRAMEWORK_HEADER = YES;
				CLANG_WARN_RANGE_LOOP_ANALYSIS = YES;
				CLANG_WARN_STRICT_PROTOTYPES = YES;
				CLANG_WARN_SUSPICIOUS_MOVE = YES;
				CLANG_WARN_UNGUARDED_AVAILABILITY = YES_AGGRESSIVE;
				CLANG_WARN_UNREACHABLE_CODE = YES;
				CLANG_WARN__DUPLICATE_METHOD_MATCH = YES;
				COPY_PHASE_STRIP = NO;
				DEBUG_INFORMATION_FORMAT = "dwarf-with-dsym";
				ENABLE_NS_ASSERTIONS = NO;
				ENABLE_STRICT_OBJC_MSGSEND = YES;
				ENABLE_USER_SCRIPT_SANDBOXING = YES;
				GCC_C_LANGUAGE_STANDARD = gnu17;
				GCC_NO_COMMON_BLOCKS = YES;
				GCC_WARN_64_TO_32_BIT_CONVERSION = YES;
				GCC_WARN_ABOUT_RETURN_TYPE = YES_ERROR;
				GCC_WARN_UNDECLARED_SELECTOR = YES;
				GCC_WARN_UNINITIALIZED_AUTOS = YES_AGGRESSIVE;
				GCC_WARN_UNUSED_FUNCTION = YES;
				GCC_WARN_UNUSED_VARIABLE = YES;
				LOCALIZATION_PREFERS_STRING_CATALOGS = YES;
				MTL_ENABLE_DEBUG_INFO = NO;
				MTL_FAST_MATH = YES;
				SWIFT_COMPILATION_MODE = wholemodule;
			};
			name = Release;
		};
		CB3F4B092A3616F500F7C04C /* Debug */ = {
			isa = XCBuildConfiguration;
			buildSettings = {
				ASSETCATALOG_COMPILER_APPICON_NAME = AppIcon;
				ASSETCATALOG_COMPILER_GLOBAL_ACCENT_COLOR_NAME = AccentColor;
				CODE_SIGN_ENTITLEMENTS = robots/robots.entitlements;
				CODE_SIGN_STYLE = Automatic;
				CURRENT_PROJECT_VERSION = 1;
				DEVELOPMENT_ASSET_PATHS = "\"robots/Preview Content\"";
				DEVELOPMENT_TEAM = V243T33UAS;
				ENABLE_HARDENED_RUNTIME = YES;
				ENABLE_PREVIEWS = YES;
				GENERATE_INFOPLIST_FILE = YES;
				"INFOPLIST_KEY_UIApplicationSceneManifest_Generation[sdk=iphoneos*]" = YES;
				"INFOPLIST_KEY_UIApplicationSceneManifest_Generation[sdk=iphonesimulator*]" = YES;
				"INFOPLIST_KEY_UIApplicationSupportsIndirectInputEvents[sdk=iphoneos*]" = YES;
				"INFOPLIST_KEY_UIApplicationSupportsIndirectInputEvents[sdk=iphonesimulator*]" = YES;
				"INFOPLIST_KEY_UILaunchScreen_Generation[sdk=iphoneos*]" = YES;
				"INFOPLIST_KEY_UILaunchScreen_Generation[sdk=iphonesimulator*]" = YES;
				"INFOPLIST_KEY_UIStatusBarStyle[sdk=iphoneos*]" = UIStatusBarStyleDefault;
				"INFOPLIST_KEY_UIStatusBarStyle[sdk=iphonesimulator*]" = UIStatusBarStyleDefault;
				INFOPLIST_KEY_UISupportedInterfaceOrientations_iPad = "UIInterfaceOrientationPortrait UIInterfaceOrientationPortraitUpsideDown UIInterfaceOrientationLandscapeLeft UIInterfaceOrientationLandscapeRight";
				INFOPLIST_KEY_UISupportedInterfaceOrientations_iPhone = "UIInterfaceOrientationPortrait UIInterfaceOrientationLandscapeLeft UIInterfaceOrientationLandscapeRight";
				IPHONEOS_DEPLOYMENT_TARGET = 17.0;
				LD_RUNPATH_SEARCH_PATHS = "@executable_path/Frameworks";
				"LD_RUNPATH_SEARCH_PATHS[sdk=macosx*]" = "@executable_path/../Frameworks";
				MACOSX_DEPLOYMENT_TARGET = 13.5;
				MARKETING_VERSION = 1.0;
				PRODUCT_BUNDLE_IDENTIFIER = allisonmcentire.robots;
				PRODUCT_NAME = "$(TARGET_NAME)";
				SDKROOT = auto;
				SUPPORTED_PLATFORMS = "iphoneos iphonesimulator macosx";
				SWIFT_EMIT_LOC_STRINGS = YES;
				SWIFT_VERSION = 5.0;
				TARGETED_DEVICE_FAMILY = "1,2";
			};
			name = Debug;
		};
		CB3F4B0A2A3616F500F7C04C /* Release */ = {
			isa = XCBuildConfiguration;
			buildSettings = {
				ASSETCATALOG_COMPILER_APPICON_NAME = AppIcon;
				ASSETCATALOG_COMPILER_GLOBAL_ACCENT_COLOR_NAME = AccentColor;
				CODE_SIGN_ENTITLEMENTS = robots/robots.entitlements;
				CODE_SIGN_STYLE = Automatic;
				CURRENT_PROJECT_VERSION = 1;
				DEVELOPMENT_ASSET_PATHS = "\"robots/Preview Content\"";
				DEVELOPMENT_TEAM = V243T33UAS;
				ENABLE_HARDENED_RUNTIME = YES;
				ENABLE_PREVIEWS = YES;
				GENERATE_INFOPLIST_FILE = YES;
				"INFOPLIST_KEY_UIApplicationSceneManifest_Generation[sdk=iphoneos*]" = YES;
				"INFOPLIST_KEY_UIApplicationSceneManifest_Generation[sdk=iphonesimulator*]" = YES;
				"INFOPLIST_KEY_UIApplicationSupportsIndirectInputEvents[sdk=iphoneos*]" = YES;
				"INFOPLIST_KEY_UIApplicationSupportsIndirectInputEvents[sdk=iphonesimulator*]" = YES;
				"INFOPLIST_KEY_UILaunchScreen_Generation[sdk=iphoneos*]" = YES;
				"INFOPLIST_KEY_UILaunchScreen_Generation[sdk=iphonesimulator*]" = YES;
				"INFOPLIST_KEY_UIStatusBarStyle[sdk=iphoneos*]" = UIStatusBarStyleDefault;
				"INFOPLIST_KEY_UIStatusBarStyle[sdk=iphonesimulator*]" = UIStatusBarStyleDefault;
				INFOPLIST_KEY_UISupportedInterfaceOrientations_iPad = "UIInterfaceOrientationPortrait UIInterfaceOrientationPortraitUpsideDown UIInterfaceOrientationLandscapeLeft UIInterfaceOrientationLandscapeRight";
				INFOPLIST_KEY_UISupportedInterfaceOrientations_iPhone = "UIInterfaceOrientationPortrait UIInterfaceOrientationLandscapeLeft UIInterfaceOrientationLandscapeRight";
				IPHONEOS_DEPLOYMENT_TARGET = 17.0;
				LD_RUNPATH_SEARCH_PATHS = "@executable_path/Frameworks";
				"LD_RUNPATH_SEARCH_PATHS[sdk=macosx*]" = "@executable_path/../Frameworks";
				MACOSX_DEPLOYMENT_TARGET = 13.5;
				MARKETING_VERSION = 1.0;
				PRODUCT_BUNDLE_IDENTIFIER = allisonmcentire.robots;
				PRODUCT_NAME = "$(TARGET_NAME)";
				SDKROOT = auto;
				SUPPORTED_PLATFORMS = "iphoneos iphonesimulator macosx";
				SWIFT_EMIT_LOC_STRINGS = YES;
				SWIFT_VERSION = 5.0;
				TARGETED_DEVICE_FAMILY = "1,2";
			};
			name = Release;
		};
		CB3F4B0C2A3616F500F7C04C /* Debug */ = {
			isa = XCBuildConfiguration;
			buildSettings = {
				ALWAYS_EMBED_SWIFT_STANDARD_LIBRARIES = YES;
				BUNDLE_LOADER = "$(TEST_HOST)";
				CODE_SIGN_STYLE = Automatic;
				CURRENT_PROJECT_VERSION = 1;
				DEVELOPMENT_TEAM = V243T33UAS;
				GENERATE_INFOPLIST_FILE = YES;
				IPHONEOS_DEPLOYMENT_TARGET = 17.0;
				MACOSX_DEPLOYMENT_TARGET = 13.5;
				MARKETING_VERSION = 1.0;
				PRODUCT_BUNDLE_IDENTIFIER = allisonmcentire.robotsTests;
				PRODUCT_NAME = "$(TARGET_NAME)";
				SDKROOT = auto;
				SUPPORTED_PLATFORMS = "iphoneos iphonesimulator macosx";
				SWIFT_EMIT_LOC_STRINGS = NO;
				SWIFT_VERSION = 5.0;
				TARGETED_DEVICE_FAMILY = "1,2";
				TEST_HOST = "$(BUILT_PRODUCTS_DIR)/robots.app/$(BUNDLE_EXECUTABLE_FOLDER_PATH)/robots";
			};
			name = Debug;
		};
		CB3F4B0D2A3616F500F7C04C /* Release */ = {
			isa = XCBuildConfiguration;
			buildSettings = {
				ALWAYS_EMBED_SWIFT_STANDARD_LIBRARIES = YES;
				BUNDLE_LOADER = "$(TEST_HOST)";
				CODE_SIGN_STYLE = Automatic;
				CURRENT_PROJECT_VERSION = 1;
				DEVELOPMENT_TEAM = V243T33UAS;
				GENERATE_INFOPLIST_FILE = YES;
				IPHONEOS_DEPLOYMENT_TARGET = 17.0;
				MACOSX_DEPLOYMENT_TARGET = 13.5;
				MARKETING_VERSION = 1.0;
				PRODUCT_BUNDLE_IDENTIFIER = allisonmcentire.robotsTests;
				PRODUCT_NAME = "$(TARGET_NAME)";
				SDKROOT = auto;
				SUPPORTED_PLATFORMS = "iphoneos iphonesimulator macosx";
				SWIFT_EMIT_LOC_STRINGS = NO;
				SWIFT_VERSION = 5.0;
				TARGETED_DEVICE_FAMILY = "1,2";
				TEST_HOST = "$(BUILT_PRODUCTS_DIR)/robots.app/$(BUNDLE_EXECUTABLE_FOLDER_PATH)/robots";
			};
			name = Release;
		};
		CB3F4B0F2A3616F500F7C04C /* Debug */ = {
			isa = XCBuildConfiguration;
			buildSettings = {
				ALWAYS_EMBED_SWIFT_STANDARD_LIBRARIES = YES;
				CODE_SIGN_STYLE = Automatic;
				CURRENT_PROJECT_VERSION = 1;
				DEVELOPMENT_TEAM = V243T33UAS;
				GENERATE_INFOPLIST_FILE = YES;
				IPHONEOS_DEPLOYMENT_TARGET = 17.0;
				MACOSX_DEPLOYMENT_TARGET = 13.5;
				MARKETING_VERSION = 1.0;
				PRODUCT_BUNDLE_IDENTIFIER = allisonmcentire.robotsUITests;
				PRODUCT_NAME = "$(TARGET_NAME)";
				SDKROOT = auto;
				SUPPORTED_PLATFORMS = "iphoneos iphonesimulator macosx";
				SWIFT_EMIT_LOC_STRINGS = NO;
				SWIFT_VERSION = 5.0;
				TARGETED_DEVICE_FAMILY = "1,2";
				TEST_TARGET_NAME = robots;
			};
			name = Debug;
		};
		CB3F4B102A3616F500F7C04C /* Release */ = {
			isa = XCBuildConfiguration;
			buildSettings = {
				ALWAYS_EMBED_SWIFT_STANDARD_LIBRARIES = YES;
				CODE_SIGN_STYLE = Automatic;
				CURRENT_PROJECT_VERSION = 1;
				DEVELOPMENT_TEAM = V243T33UAS;
				GENERATE_INFOPLIST_FILE = YES;
				IPHONEOS_DEPLOYMENT_TARGET = 17.0;
				MACOSX_DEPLOYMENT_TARGET = 13.5;
				MARKETING_VERSION = 1.0;
				PRODUCT_BUNDLE_IDENTIFIER = allisonmcentire.robotsUITests;
				PRODUCT_NAME = "$(TARGET_NAME)";
				SDKROOT = auto;
				SUPPORTED_PLATFORMS = "iphoneos iphonesimulator macosx";
				SWIFT_EMIT_LOC_STRINGS = NO;
				SWIFT_VERSION = 5.0;
				TARGETED_DEVICE_FAMILY = "1,2";
				TEST_TARGET_NAME = robots;
			};
			name = Release;
		};
/* End XCBuildConfiguration section */

/* Begin XCConfigurationList section */
		CB3F4ADE2A3616F400F7C04C /* Build configuration list for PBXProject "robots" */ = {
			isa = XCConfigurationList;
			buildConfigurations = (
				CB3F4B062A3616F500F7C04C /* Debug */,
				CB3F4B072A3616F500F7C04C /* Release */,
			);
			defaultConfigurationIsVisible = 0;
			defaultConfigurationName = Release;
		};
		CB3F4B082A3616F500F7C04C /* Build configuration list for PBXNativeTarget "robots" */ = {
			isa = XCConfigurationList;
			buildConfigurations = (
				CB3F4B092A3616F500F7C04C /* Debug */,
				CB3F4B0A2A3616F500F7C04C /* Release */,
			);
			defaultConfigurationIsVisible = 0;
			defaultConfigurationName = Release;
		};
		CB3F4B0B2A3616F500F7C04C /* Build configuration list for PBXNativeTarget "robotsTests" */ = {
			isa = XCConfigurationList;
			buildConfigurations = (
				CB3F4B0C2A3616F500F7C04C /* Debug */,
				CB3F4B0D2A3616F500F7C04C /* Release */,
			);
			defaultConfigurationIsVisible = 0;
			defaultConfigurationName = Release;
		};
		CB3F4B0E2A3616F500F7C04C /* Build configuration list for PBXNativeTarget "robotsUITests" */ = {
			isa = XCConfigurationList;
			buildConfigurations = (
				CB3F4B0F2A3616F500F7C04C /* Debug */,
				CB3F4B102A3616F500F7C04C /* Release */,
			);
			defaultConfigurationIsVisible = 0;
			defaultConfigurationName = Release;
		};
/* End XCConfigurationList section */
	};
	rootObject = CB3F4ADB2A3616F400F7C04C /* Project object */;
}
